
Microsoft Visual Studio Solution File, Format Version 12.00
# Visual Studio 15
VisualStudioVersion = 15.0.27703.2047
MinimumVisualStudioVersion = 10.0.40219.1
Project("{9A19103F-16F7-4668-BE54-9A1E7A4F7556}") = "Todo.Api", "src\Todo.Api\Todo.Api.csproj", "{082FFEAA-2D7B-4D5F-9E7A-8956BB06AFC0}"
EndProject
Project("{9A19103F-16F7-4668-BE54-9A1E7A4F7556}") = "Todo.Entities", "src\Todo.Entities\Todo.Entities.csproj", "{7FC36375-39D5-4A8C-BD79-B704DE6050D8}"
EndProject
Project("{9A19103F-16F7-4668-BE54-9A1E7A4F7556}") = "Todo.DataAccess", "src\Todo.DataAccess\Todo.DataAccess.csproj", "{C7FAFF8A-CF50-415B-9E5E-95746F49F5F3}"
EndProject
Project("{9A19103F-16F7-4668-BE54-9A1E7A4F7556}") = "Todo.Services", "src\Todo.Services\Todo.Services.csproj", "{FF3EB0E9-D8F8-46D6-8BAD-348667CDA49D}"
	ProjectSection(ProjectDependencies) = postProject
		{60D0A8FF-1754-4EE1-A40A-4D1368F05187} = {60D0A8FF-1754-4EE1-A40A-4D1368F05187}
	EndProjectSection
EndProject
Project("{9A19103F-16F7-4668-BE54-9A1E7A4F7556}") = "Todo.DataStore", "src\Todo.DataStore\Todo.DataStore.csproj", "{60D0A8FF-1754-4EE1-A40A-4D1368F05187}"
EndProject
Project("{9A19103F-16F7-4668-BE54-9A1E7A4F7556}") = "Todo.Api.Models", "src\Todo.Api.Models\Todo.Api.Models.csproj", "{3319A1E2-DF90-42C5-AEA6-41D4113541D3}"
EndProject
Project("{9A19103F-16F7-4668-BE54-9A1E7A4F7556}") = "Todo.Api.Mappers", "src\Todo.Api.Mappers\Todo.Api.Mappers.csproj", "{EBC0D406-CF92-402D-92A3-6B176E3BB488}"
EndProject
Project("{9A19103F-16F7-4668-BE54-9A1E7A4F7556}") = "Todo.ScheduledTasks", "src\Todo.ScheduledTasks\Todo.ScheduledTasks.csproj", "{2F2315D1-5625-4975-A9F8-5B02F92B5F30}"
EndProject
Project("{2150E333-8FDC-42A3-9474-1A3956D46DE8}") = "src", "src", "{5E582AB5-907C-477D-8CB8-C5847DCB1315}"
EndProject
Project("{2150E333-8FDC-42A3-9474-1A3956D46DE8}") = "test", "test", "{FBE72992-2A7D-4FE2-9364-AB4CF4FB2531}"
EndProject
Project("{9A19103F-16F7-4668-BE54-9A1E7A4F7556}") = "Todo.Api.Test", "test\Todo.Api.Test\Todo.Api.Test.csproj", "{76111E35-A2A4-4326-BCA9-FA5798CC0435}"
EndProject
Project("{9A19103F-16F7-4668-BE54-9A1E7A4F7556}") = "Todo.Services.Test", "test\Todo.Services.Test\Todo.Services.Test.csproj", "{81D6F2C2-EC4F-4ED1-9033-8BBBCC3ED81F}"
EndProject
Project("{9A19103F-16F7-4668-BE54-9A1E7A4F7556}") = "Todo.Api.Mappers.Test", "test\Todo.Api.Mappers.Test\Todo.Api.Mappers.Test.csproj", "{27350259-7425-4207-BB05-0077A8C6E861}"
EndProject
Project("{9A19103F-16F7-4668-BE54-9A1E7A4F7556}") = "Todo.DataStore.Test", "Test\Todo.DataStore.Test\Todo.DataStore.Test.csproj", "{4326690A-EDC2-4C69-91EE-C60F6C8E0319}"
EndProject
Project("{9A19103F-16F7-4668-BE54-9A1E7A4F7556}") = "Todo.ScheduledTasks.Test", "test\Todo.ScheduledTasks.Test\Todo.ScheduledTasks.Test.csproj", "{5F4EDFE8-E6FE-4BCE-8D34-A5BE0D585B3C}"
EndProject
Global
	GlobalSection(SolutionConfigurationPlatforms) = preSolution
		Debug|Any CPU = Debug|Any CPU
		Release|Any CPU = Release|Any CPU
	EndGlobalSection
	GlobalSection(ProjectConfigurationPlatforms) = postSolution
		{082FFEAA-2D7B-4D5F-9E7A-8956BB06AFC0}.Debug|Any CPU.ActiveCfg = Debug|Any CPU
		{082FFEAA-2D7B-4D5F-9E7A-8956BB06AFC0}.Debug|Any CPU.Build.0 = Debug|Any CPU
		{082FFEAA-2D7B-4D5F-9E7A-8956BB06AFC0}.Release|Any CPU.ActiveCfg = Release|Any CPU
		{082FFEAA-2D7B-4D5F-9E7A-8956BB06AFC0}.Release|Any CPU.Build.0 = Release|Any CPU
		{7FC36375-39D5-4A8C-BD79-B704DE6050D8}.Debug|Any CPU.ActiveCfg = Debug|Any CPU
		{7FC36375-39D5-4A8C-BD79-B704DE6050D8}.Debug|Any CPU.Build.0 = Debug|Any CPU
		{7FC36375-39D5-4A8C-BD79-B704DE6050D8}.Release|Any CPU.ActiveCfg = Release|Any CPU
		{7FC36375-39D5-4A8C-BD79-B704DE6050D8}.Release|Any CPU.Build.0 = Release|Any CPU
		{C7FAFF8A-CF50-415B-9E5E-95746F49F5F3}.Debug|Any CPU.ActiveCfg = Debug|Any CPU
		{C7FAFF8A-CF50-415B-9E5E-95746F49F5F3}.Debug|Any CPU.Build.0 = Debug|Any CPU
		{C7FAFF8A-CF50-415B-9E5E-95746F49F5F3}.Release|Any CPU.ActiveCfg = Release|Any CPU
		{C7FAFF8A-CF50-415B-9E5E-95746F49F5F3}.Release|Any CPU.Build.0 = Release|Any CPU
		{FF3EB0E9-D8F8-46D6-8BAD-348667CDA49D}.Debug|Any CPU.ActiveCfg = Debug|Any CPU
		{FF3EB0E9-D8F8-46D6-8BAD-348667CDA49D}.Debug|Any CPU.Build.0 = Debug|Any CPU
		{FF3EB0E9-D8F8-46D6-8BAD-348667CDA49D}.Release|Any CPU.ActiveCfg = Release|Any CPU
		{FF3EB0E9-D8F8-46D6-8BAD-348667CDA49D}.Release|Any CPU.Build.0 = Release|Any CPU
		{60D0A8FF-1754-4EE1-A40A-4D1368F05187}.Debug|Any CPU.ActiveCfg = Debug|Any CPU
		{60D0A8FF-1754-4EE1-A40A-4D1368F05187}.Debug|Any CPU.Build.0 = Debug|Any CPU
		{60D0A8FF-1754-4EE1-A40A-4D1368F05187}.Release|Any CPU.ActiveCfg = Release|Any CPU
		{60D0A8FF-1754-4EE1-A40A-4D1368F05187}.Release|Any CPU.Build.0 = Release|Any CPU
		{3319A1E2-DF90-42C5-AEA6-41D4113541D3}.Debug|Any CPU.ActiveCfg = Debug|Any CPU
		{3319A1E2-DF90-42C5-AEA6-41D4113541D3}.Debug|Any CPU.Build.0 = Debug|Any CPU
		{3319A1E2-DF90-42C5-AEA6-41D4113541D3}.Release|Any CPU.ActiveCfg = Release|Any CPU
		{3319A1E2-DF90-42C5-AEA6-41D4113541D3}.Release|Any CPU.Build.0 = Release|Any CPU
		{EBC0D406-CF92-402D-92A3-6B176E3BB488}.Debug|Any CPU.ActiveCfg = Debug|Any CPU
		{EBC0D406-CF92-402D-92A3-6B176E3BB488}.Debug|Any CPU.Build.0 = Debug|Any CPU
		{EBC0D406-CF92-402D-92A3-6B176E3BB488}.Release|Any CPU.ActiveCfg = Release|Any CPU
		{EBC0D406-CF92-402D-92A3-6B176E3BB488}.Release|Any CPU.Build.0 = Release|Any CPU
		{2F2315D1-5625-4975-A9F8-5B02F92B5F30}.Debug|Any CPU.ActiveCfg = Debug|Any CPU
		{2F2315D1-5625-4975-A9F8-5B02F92B5F30}.Debug|Any CPU.Build.0 = Debug|Any CPU
		{2F2315D1-5625-4975-A9F8-5B02F92B5F30}.Release|Any CPU.ActiveCfg = Release|Any CPU
		{2F2315D1-5625-4975-A9F8-5B02F92B5F30}.Release|Any CPU.Build.0 = Release|Any CPU
		{76111E35-A2A4-4326-BCA9-FA5798CC0435}.Debug|Any CPU.ActiveCfg = Debug|Any CPU
		{76111E35-A2A4-4326-BCA9-FA5798CC0435}.Debug|Any CPU.Build.0 = Debug|Any CPU
		{76111E35-A2A4-4326-BCA9-FA5798CC0435}.Release|Any CPU.ActiveCfg = Release|Any CPU
		{76111E35-A2A4-4326-BCA9-FA5798CC0435}.Release|Any CPU.Build.0 = Release|Any CPU
		{81D6F2C2-EC4F-4ED1-9033-8BBBCC3ED81F}.Debug|Any CPU.ActiveCfg = Debug|Any CPU
		{81D6F2C2-EC4F-4ED1-9033-8BBBCC3ED81F}.Debug|Any CPU.Build.0 = Debug|Any CPU
		{81D6F2C2-EC4F-4ED1-9033-8BBBCC3ED81F}.Release|Any CPU.ActiveCfg = Release|Any CPU
		{81D6F2C2-EC4F-4ED1-9033-8BBBCC3ED81F}.Release|Any CPU.Build.0 = Release|Any CPU
		{27350259-7425-4207-BB05-0077A8C6E861}.Debug|Any CPU.ActiveCfg = Debug|Any CPU
		{27350259-7425-4207-BB05-0077A8C6E861}.Debug|Any CPU.Build.0 = Debug|Any CPU
		{27350259-7425-4207-BB05-0077A8C6E861}.Release|Any CPU.ActiveCfg = Release|Any CPU
		{27350259-7425-4207-BB05-0077A8C6E861}.Release|Any CPU.Build.0 = Release|Any CPU
		{4326690A-EDC2-4C69-91EE-C60F6C8E0319}.Debug|Any CPU.ActiveCfg = Debug|Any CPU
		{4326690A-EDC2-4C69-91EE-C60F6C8E0319}.Debug|Any CPU.Build.0 = Debug|Any CPU
		{4326690A-EDC2-4C69-91EE-C60F6C8E0319}.Release|Any CPU.ActiveCfg = Release|Any CPU
		{4326690A-EDC2-4C69-91EE-C60F6C8E0319}.Release|Any CPU.Build.0 = Release|Any CPU
		{5F4EDFE8-E6FE-4BCE-8D34-A5BE0D585B3C}.Debug|Any CPU.ActiveCfg = Debug|Any CPU
		{5F4EDFE8-E6FE-4BCE-8D34-A5BE0D585B3C}.Debug|Any CPU.Build.0 = Debug|Any CPU
		{5F4EDFE8-E6FE-4BCE-8D34-A5BE0D585B3C}.Release|Any CPU.ActiveCfg = Release|Any CPU
		{5F4EDFE8-E6FE-4BCE-8D34-A5BE0D585B3C}.Release|Any CPU.Build.0 = Release|Any CPU
	EndGlobalSection
	GlobalSection(SolutionProperties) = preSolution
		HideSolutionNode = FALSE
	EndGlobalSection
	GlobalSection(NestedProjects) = preSolution
		{082FFEAA-2D7B-4D5F-9E7A-8956BB06AFC0} = {5E582AB5-907C-477D-8CB8-C5847DCB1315}
		{7FC36375-39D5-4A8C-BD79-B704DE6050D8} = {5E582AB5-907C-477D-8CB8-C5847DCB1315}
		{C7FAFF8A-CF50-415B-9E5E-95746F49F5F3} = {5E582AB5-907C-477D-8CB8-C5847DCB1315}
		{FF3EB0E9-D8F8-46D6-8BAD-348667CDA49D} = {5E582AB5-907C-477D-8CB8-C5847DCB1315}
		{60D0A8FF-1754-4EE1-A40A-4D1368F05187} = {5E582AB5-907C-477D-8CB8-C5847DCB1315}
		{3319A1E2-DF90-42C5-AEA6-41D4113541D3} = {5E582AB5-907C-477D-8CB8-C5847DCB1315}
		{EBC0D406-CF92-402D-92A3-6B176E3BB488} = {5E582AB5-907C-477D-8CB8-C5847DCB1315}
		{2F2315D1-5625-4975-A9F8-5B02F92B5F30} = {5E582AB5-907C-477D-8CB8-C5847DCB1315}
		{76111E35-A2A4-4326-BCA9-FA5798CC0435} = {FBE72992-2A7D-4FE2-9364-AB4CF4FB2531}
		{81D6F2C2-EC4F-4ED1-9033-8BBBCC3ED81F} = {FBE72992-2A7D-4FE2-9364-AB4CF4FB2531}
		{27350259-7425-4207-BB05-0077A8C6E861} = {FBE72992-2A7D-4FE2-9364-AB4CF4FB2531}
		{4326690A-EDC2-4C69-91EE-C60F6C8E0319} = {FBE72992-2A7D-4FE2-9364-AB4CF4FB2531}
		{5F4EDFE8-E6FE-4BCE-8D34-A5BE0D585B3C} = {FBE72992-2A7D-4FE2-9364-AB4CF4FB2531}
	EndGlobalSection
	GlobalSection(ExtensibilityGlobals) = postSolution
		SolutionGuid = {A2898EC7-B783-4ABF-81BB-A894A30B8F37}
	EndGlobalSection
EndGlobal
